# THIS IS AN AUTOGENERATED FILE. DO NOT EDIT THIS FILE DIRECTLY.
# yarn lockfile v1


"@babel/runtime@^7.12.5", "@babel/runtime@^7.14.0":
  "integrity" "sha512-UF0tvkUtxwAgZ5W/KrkHf0Rn0fdnLDU9ScxBrEVNUprE/MzirjK4MJUX1/BVDv00Sv8cljtukVK1aky++X1SjQ=="
  "resolved" "https://registry.npmjs.org/@babel/runtime/-/runtime-7.20.7.tgz"
  "version" "7.20.7"
  dependencies:
    "regenerator-runtime" "^0.13.11"

"@types/raf@^3.4.0":
  "integrity" "sha512-taW5/WYqo36N7V39oYyHP9Ipfd5pNFvGTIQsNGj86xV88YQ7GnI30/yMfKDF7Zgin0m3e+ikX88FvImnK4RjGw=="
  "resolved" "https://registry.npmjs.org/@types/raf/-/raf-3.4.0.tgz"
  "version" "3.4.0"

"accepts@~1.3.4", "accepts@~1.3.8":
  "integrity" "sha512-PYAthTa2m2VKxuvSD3DPC/Gy+U+sOA1LAuT8mkmRuvw+NACSaeXEQ+NHcVF7rONl6qcaxV3Uuemwawk+7+SJLw=="
  "resolved" "https://registry.npmjs.org/accepts/-/accepts-1.3.8.tgz"
  "version" "1.3.8"
  dependencies:
    "mime-types" "~2.1.34"
    "negotiator" "0.6.3"

"after@0.8.2":
  "integrity" "sha1-/ts5T58OAqqXaOcCvaI7UF+ufh8="
  "resolved" "https://registry.npmjs.org/after/-/after-0.8.2.tgz"
  "version" "0.8.2"

"androidjs@^2.0.6":
  "integrity" "sha512-RW2+SgTthVffyqvue0m8GkgaC6ApXwGuc3x811IPtJQ2d19nBNvZeyNuCmE4g457MQC2MsQfMioiuvSrfpmrtQ=="
  "resolved" "https://registry.npmjs.org/androidjs/-/androidjs-2.0.6.tgz"
  "version" "2.0.6"
  dependencies:
    "Buffer" "0.0.0"
    "socket.io" "^2.2.0"
    "socket.io-client" "^2.2.0"

"any-promise@^1.0.0":
  "integrity" "sha1-q8av7tzqUugJzcA3au0845Y10X8="
  "resolved" "https://registry.npmjs.org/any-promise/-/any-promise-1.3.0.tgz"
  "version" "1.3.0"

"array-flatten@1.1.1":
  "integrity" "sha1-ml9pkFGx5wczKPKgCJaLZOopVdI="
  "resolved" "https://registry.npmjs.org/array-flatten/-/array-flatten-1.1.1.tgz"
  "version" "1.1.1"

"arraybuffer.slice@~0.0.7":
  "integrity" "sha512-wGUIVQXuehL5TCqQun8OW81jGzAWycqzFF8lFp+GOM5BXLYj3bKNsYC4daB7n6XjCqxQA/qgTJ+8ANR3acjrog=="
  "resolved" "https://registry.npmjs.org/arraybuffer.slice/-/arraybuffer.slice-0.0.7.tgz"
  "version" "0.0.7"

"async-limiter@~1.0.0":
  "integrity" "sha512-csOlWGAcRFJaI6m+F2WKdnMKr4HhdhFVBk0H/QbJFMCr+uO2kwohwXQPxw/9OCxp05r5ghVBFSyioixx3gfkNQ=="
  "resolved" "https://registry.npmjs.org/async-limiter/-/async-limiter-1.0.1.tgz"
  "version" "1.0.1"

"async@0.2.10":
  "integrity" "sha1-trvgsGdLnXGXCMo43owjfLUmw9E="
  "resolved" "https://registry.npmjs.org/async/-/async-0.2.10.tgz"
  "version" "0.2.10"

"atob@^2.1.2":
  "integrity" "sha512-Wm6ukoaOGJi/73p/cl2GvLjTI5JM1k/O14isD73YML8StrH/7/lRFgmg8nICZgD3bZZvjwCGxtMOD3wWNAu8cg=="
  "resolved" "https://registry.npmjs.org/atob/-/atob-2.1.2.tgz"
  "version" "2.1.2"

"backo2@1.0.2":
  "integrity" "sha1-MasayLEpNjRj41s+u2n038+6eUc="
  "resolved" "https://registry.npmjs.org/backo2/-/backo2-1.0.2.tgz"
  "version" "1.0.2"

"base-64@^1.0.0":
  "integrity" "sha512-kwDPIFCGx0NZHog36dj+tHiwP4QMzsZ3AgMViUBKI0+V5n4U0ufTCUMhnQ04diaRI8EX/QcPfql7zlhZ7j4zgg=="
  "resolved" "https://registry.npmjs.org/base-64/-/base-64-1.0.0.tgz"
  "version" "1.0.0"

"base64-arraybuffer@^1.0.2":
  "integrity" "sha512-I3yl4r9QB5ZRY3XuJVEPfc2XhZO6YweFPI+UovAzn+8/hb3oJ6lnysaFcjVpkCPfVWFUDvoZ8kmVDP7WyRtYtQ=="
  "resolved" "https://registry.npmjs.org/base64-arraybuffer/-/base64-arraybuffer-1.0.2.tgz"
  "version" "1.0.2"

"base64-arraybuffer@0.1.5":
  "integrity" "sha1-c5JncZI7Whl0etZmqlzUv5xunOg="
  "resolved" "https://registry.npmjs.org/base64-arraybuffer/-/base64-arraybuffer-0.1.5.tgz"
  "version" "0.1.5"

"base64id@2.0.0":
  "integrity" "sha512-lGe34o6EHj9y3Kts9R4ZYs/Gr+6N7MCaMlIFA3F1R2O5/m7K06AxfSeO5530PEERE6/WyEg3lsuyw4GHlPZHog=="
  "resolved" "https://registry.npmjs.org/base64id/-/base64id-2.0.0.tgz"
  "version" "2.0.0"

"better-assert@~1.0.0":
  "integrity" "sha1-QIZrnhueC1W0gYlDEeaPr/rrxSI="
  "resolved" "https://registry.npmjs.org/better-assert/-/better-assert-1.0.2.tgz"
  "version" "1.0.2"
  dependencies:
    "callsite" "1.0.0"

"binary-search-tree@0.2.5":
  "integrity" "sha1-fbs7IQ/coIJFDa0jNMMErzm9x4Q="
  "resolved" "https://registry.npmjs.org/binary-search-tree/-/binary-search-tree-0.2.5.tgz"
  "version" "0.2.5"
  dependencies:
    "underscore" "~1.4.4"

"blob@0.0.5":
  "integrity" "sha512-gaqbzQPqOoamawKg0LGVd7SzLgXS+JH61oWprSLH+P+abTczqJbhTR8CmJ2u9/bUYNmHTGJx/UEmn6doAvvuig=="
  "resolved" "https://registry.npmjs.org/blob/-/blob-0.0.5.tgz"
  "version" "0.0.5"

"body-parser@^1.19.0", "body-parser@1.19.2":
  "integrity" "sha512-SAAwOxgoCKMGs9uUAUFHygfLAyaniaoun6I8mFY9pRAJL9+Kec34aU+oIjDhTycub1jozEfEwx1W1IuOYxVSFw=="
  "resolved" "https://registry.npmjs.org/body-parser/-/body-parser-1.19.2.tgz"
  "version" "1.19.2"
  dependencies:
    "bytes" "3.1.2"
    "content-type" "~1.0.4"
    "debug" "2.6.9"
    "depd" "~1.1.2"
    "http-errors" "1.8.1"
    "iconv-lite" "0.4.24"
    "on-finished" "~2.3.0"
    "qs" "6.9.7"
    "raw-body" "2.4.3"
    "type-is" "~1.6.18"

"btoa@^1.2.1":
  "integrity" "sha512-SB4/MIGlsiVkMcHmT+pSmIPoNDoHg+7cMzmt3Uxt628MTz2487DKSqK/fuhFBrkuqrYv5UCEnACpF4dTFNKc/g=="
  "resolved" "https://registry.npmjs.org/btoa/-/btoa-1.2.1.tgz"
  "version" "1.2.1"

"Buffer@0.0.0":
  "integrity" "sha1-gs+OmGohCf9tHW8cQ25H0HEnrqQ="
  "resolved" "https://registry.npmjs.org/Buffer/-/Buffer-0.0.0.tgz"
  "version" "0.0.0"

"bytes@3.1.2":
  "integrity" "sha512-/Nf7TyzTx6S3yRJObOAV7956r8cr2+Oj8AC5dt8wSP3BQAoeX58NoHyCU8P8zGkNXStjTSi6fzO6F0pBdcYbEg=="
  "resolved" "https://registry.npmjs.org/bytes/-/bytes-3.1.2.tgz"
  "version" "3.1.2"

"callsite@1.0.0":
  "integrity" "sha1-KAOY5dZkvXQDi28JBRU+borxvCA="
  "resolved" "https://registry.npmjs.org/callsite/-/callsite-1.0.0.tgz"
  "version" "1.0.0"

"canvg@^3.0.6":
  "integrity" "sha512-qwR2FRNO9NlzTeKIPIKpnTY6fqwuYSequ8Ru8c0YkYU7U0oW+hLUvWadLvAu1Rl72OMNiFhoLu4f8eUjQ7l/+Q=="
  "resolved" "https://registry.npmjs.org/canvg/-/canvg-3.0.10.tgz"
  "version" "3.0.10"
  dependencies:
    "@babel/runtime" "^7.12.5"
    "@types/raf" "^3.4.0"
    "core-js" "^3.8.3"
    "raf" "^3.4.1"
    "regenerator-runtime" "^0.13.7"
    "rgbcolor" "^1.0.1"
    "stackblur-canvas" "^2.0.0"
    "svg-pathdata" "^6.0.3"

"cidr-regex@^1.0.7":
  "integrity" "sha1-N4L++3nIHX0zBpDN4xoP40Rf05s="
  "resolved" "https://registry.npmjs.org/cidr-regex/-/cidr-regex-1.0.7.tgz"
  "version" "1.0.7"

"component-bind@1.0.0":
  "integrity" "sha1-AMYIq33Nk4l8AAllGx06jh5zu9E="
  "resolved" "https://registry.npmjs.org/component-bind/-/component-bind-1.0.0.tgz"
  "version" "1.0.0"

"component-emitter@1.2.1":
  "integrity" "sha1-E3kY1teCg/ffemt8WmPhQOaUJeY="
  "resolved" "https://registry.npmjs.org/component-emitter/-/component-emitter-1.2.1.tgz"
  "version" "1.2.1"

"component-inherit@0.0.3":
  "integrity" "sha1-ZF/ErfWLcrZJ1crmUTVhnbJv8UM="
  "resolved" "https://registry.npmjs.org/component-inherit/-/component-inherit-0.0.3.tgz"
  "version" "0.0.3"

"content-disposition@0.5.4":
  "integrity" "sha512-FveZTNuGw04cxlAiWbzi6zTAL/lhehaWbTtgluJh4/E95DqMwTmha3KZN1aAWA8cFIhHzMZUvLevkw5Rqk+tSQ=="
  "resolved" "https://registry.npmjs.org/content-disposition/-/content-disposition-0.5.4.tgz"
  "version" "0.5.4"
  dependencies:
    "safe-buffer" "5.2.1"

"content-type@~1.0.4":
  "integrity" "sha512-hIP3EEPs8tB9AT1L+NUqtwOAps4mk2Zob89MWXMHjHWg9milF/j4osnnQLXBCBFBk/tvIG/tUc9mOUJiPBhPXA=="
  "resolved" "https://registry.npmjs.org/content-type/-/content-type-1.0.4.tgz"
  "version" "1.0.4"

"cookie-signature@1.0.6":
  "integrity" "sha1-4wOogrNCzD7oylE6eZmXNNqzriw="
  "resolved" "https://registry.npmjs.org/cookie-signature/-/cookie-signature-1.0.6.tgz"
  "version" "1.0.6"

"cookie@0.3.1":
  "integrity" "sha1-5+Ch+e9DtMi6klxcWpboBtFoc7s="
  "resolved" "https://registry.npmjs.org/cookie/-/cookie-0.3.1.tgz"
  "version" "0.3.1"

"cookie@0.4.2":
  "integrity" "sha512-aSWTXFzaKWkvHO1Ny/s+ePFpvKsPnjc551iI41v3ny/ow6tBG5Vd+FuqGNhh1LxOmVzOlGUriIlOaokOvhaStA=="
  "resolved" "https://registry.npmjs.org/cookie/-/cookie-0.4.2.tgz"
  "version" "0.4.2"

"core-js@^3.6.0", "core-js@^3.8.3":
  "integrity" "sha512-GutwJLBChfGCpwwhbYoqfv03LAfmiz7e7D/BNxzeMxwQf10GRSzqiOjx7AmtEk+heiD/JWmBuyBPgFtx0Sg1ww=="
  "resolved" "https://registry.npmjs.org/core-js/-/core-js-3.27.1.tgz"
  "version" "3.27.1"

"cors@^2.8.5":
  "integrity" "sha512-KIHbLJqu73RGr/hnbrO9uBeixNGuvSQjul/jdFvS/KFSIH1hWVd1ng7zOHx+YrEfInLG7q4n6GHQ9cDtxv/P6g=="
  "resolved" "https://registry.npmjs.org/cors/-/cors-2.8.5.tgz"
  "version" "2.8.5"
  dependencies:
    "object-assign" "^4"
    "vary" "^1"

"css-line-break@^2.1.0":
  "integrity" "sha512-FHcKFCZcAha3LwfVBhCQbW2nCNbkZXn7KVUJcsT5/P8YmfsVja0FMPJr0B903j/E69HUphKiV9iQArX8SDYA4w=="
  "resolved" "https://registry.npmjs.org/css-line-break/-/css-line-break-2.1.0.tgz"
  "version" "2.1.0"
  dependencies:
    "utrie" "^1.0.2"

"dank-do-while@^0.1.2":
  "integrity" "sha1-gZslk3uXd2V7VvUXKthWWW/NDIQ="
  "resolved" "https://registry.npmjs.org/dank-do-while/-/dank-do-while-0.1.2.tgz"
  "version" "0.1.2"

"debug@~3.1.0":
  "integrity" "sha512-OX8XqP7/1a9cqkxYw2yXss15f26NKWBpDXQd0/uK/KPqdQhxbPa994hnzjcE2VqQpDslf55723cKPUOGSmMY3g=="
  "resolved" "https://registry.npmjs.org/debug/-/debug-3.1.0.tgz"
  "version" "3.1.0"
  dependencies:
    "ms" "2.0.0"

"debug@~4.1.0":
  "integrity" "sha512-pYAIzeRo8J6KPEaJ0VWOh5Pzkbw/RetuzehGM7QRRX5he4fPHx2rdKMB256ehJCkX+XRQm16eZLqLNS8RSZXZw=="
  "resolved" "https://registry.npmjs.org/debug/-/debug-4.1.1.tgz"
  "version" "4.1.1"
  dependencies:
    "ms" "^2.1.1"

"debug@2.6.9":
  "integrity" "sha512-bC7ElrdJaJnPbAP+1EotYvqZsb3ecl5wi6Bfi6BJTUcNowp6cvspg0jXznRTKDjm/E7AdgFBVeAPVMNcKGsHMA=="
  "resolved" "https://registry.npmjs.org/debug/-/debug-2.6.9.tgz"
  "version" "2.6.9"
  dependencies:
    "ms" "2.0.0"

"depd@~1.1.2":
  "integrity" "sha1-m81S4UwJd2PnSbJ0xDRu0uVgtak="
  "resolved" "https://registry.npmjs.org/depd/-/depd-1.1.2.tgz"
  "version" "1.1.2"

"destroy@~1.0.4":
  "integrity" "sha1-l4hXRCxEdJ5CBmE+N5RiBYJqvYA="
  "resolved" "https://registry.npmjs.org/destroy/-/destroy-1.0.4.tgz"
  "version" "1.0.4"

"dompurify@^2.2.0":
  "integrity" "sha512-q6QaLcakcRjebxjg8/+NP+h0rPfatOgOzc46Fst9VAA3jF2ApfKBNKMzdP4DYTqtUMXSCd5pRS/8Po/OmoCHZQ=="
  "resolved" "https://registry.npmjs.org/dompurify/-/dompurify-2.4.3.tgz"
  "version" "2.4.3"

"ee-first@1.1.1":
  "integrity" "sha1-WQxhFWsK4vTwJVcyoViyZrxWsh0="
  "resolved" "https://registry.npmjs.org/ee-first/-/ee-first-1.1.1.tgz"
  "version" "1.1.1"

"encodeurl@~1.0.2":
  "integrity" "sha1-rT/0yG7C0CkyL1oCw6mmBslbP1k="
  "resolved" "https://registry.npmjs.org/encodeurl/-/encodeurl-1.0.2.tgz"
  "version" "1.0.2"

"engine.io-client@~3.4.0":
  "integrity" "sha512-a4J5QO2k99CM2a0b12IznnyQndoEvtA4UAldhGzKqnHf42I3Qs2W5SPnDvatZRcMaNZs4IevVicBPayxYt6FwA=="
  "resolved" "https://registry.npmjs.org/engine.io-client/-/engine.io-client-3.4.0.tgz"
  "version" "3.4.0"
  dependencies:
    "component-emitter" "1.2.1"
    "component-inherit" "0.0.3"
    "debug" "~4.1.0"
    "engine.io-parser" "~2.2.0"
    "has-cors" "1.1.0"
    "indexof" "0.0.1"
    "parseqs" "0.0.5"
    "parseuri" "0.0.5"
    "ws" "~6.1.0"
    "xmlhttprequest-ssl" "~1.5.4"
    "yeast" "0.1.2"

"engine.io-parser@~2.2.0":
  "integrity" "sha512-6I3qD9iUxotsC5HEMuuGsKA0cXerGz+4uGcXQEkfBidgKf0amsjrrtwcbwK/nzpZBxclXlV7gGl9dgWvu4LF6w=="
  "resolved" "https://registry.npmjs.org/engine.io-parser/-/engine.io-parser-2.2.0.tgz"
  "version" "2.2.0"
  dependencies:
    "after" "0.8.2"
    "arraybuffer.slice" "~0.0.7"
    "base64-arraybuffer" "0.1.5"
    "blob" "0.0.5"
    "has-binary2" "~1.0.2"

"engine.io@~3.4.0":
  "integrity" "sha512-XCyYVWzcHnK5cMz7G4VTu2W7zJS7SM1QkcelghyIk/FmobWBtXE7fwhBusEKvCSqc3bMh8fNFMlUkCKTFRxH2w=="
  "resolved" "https://registry.npmjs.org/engine.io/-/engine.io-3.4.0.tgz"
  "version" "3.4.0"
  dependencies:
    "accepts" "~1.3.4"
    "base64id" "2.0.0"
    "cookie" "0.3.1"
    "debug" "~4.1.0"
    "engine.io-parser" "~2.2.0"
    "ws" "^7.1.2"

"escape-html@~1.0.3":
  "integrity" "sha1-Aljq5NPQwJdN4cFpGI7wBR0dGYg="
  "resolved" "https://registry.npmjs.org/escape-html/-/escape-html-1.0.3.tgz"
  "version" "1.0.3"

"etag@~1.8.1":
  "integrity" "sha1-Qa4u62XvpiJorr/qg6x9eSmbCIc="
  "resolved" "https://registry.npmjs.org/etag/-/etag-1.8.1.tgz"
  "version" "1.8.1"

"express@^4.17.1":
  "integrity" "sha512-yuSQpz5I+Ch7gFrPCk4/c+dIBKlQUxtgwqzph132bsT6qhuzss6I8cLJQz7B3rFblzd6wtcI0ZbGltH/C4LjUg=="
  "resolved" "https://registry.npmjs.org/express/-/express-4.17.3.tgz"
  "version" "4.17.3"
  dependencies:
    "accepts" "~1.3.8"
    "array-flatten" "1.1.1"
    "body-parser" "1.19.2"
    "content-disposition" "0.5.4"
    "content-type" "~1.0.4"
    "cookie" "0.4.2"
    "cookie-signature" "1.0.6"
    "debug" "2.6.9"
    "depd" "~1.1.2"
    "encodeurl" "~1.0.2"
    "escape-html" "~1.0.3"
    "etag" "~1.8.1"
    "finalhandler" "~1.1.2"
    "fresh" "0.5.2"
    "merge-descriptors" "1.0.1"
    "methods" "~1.1.2"
    "on-finished" "~2.3.0"
    "parseurl" "~1.3.3"
    "path-to-regexp" "0.1.7"
    "proxy-addr" "~2.0.7"
    "qs" "6.9.7"
    "range-parser" "~1.2.1"
    "safe-buffer" "5.2.1"
    "send" "0.17.2"
    "serve-static" "1.14.2"
    "setprototypeof" "1.2.0"
    "statuses" "~1.5.0"
    "type-is" "~1.6.18"
    "utils-merge" "1.0.1"
    "vary" "~1.1.2"

"fflate@^0.4.8":
  "integrity" "sha512-FJqqoDBR00Mdj9ppamLa/Y7vxm+PRmNWA67N846RvsoYVMKB4q3y/de5PA7gUmRMYK/8CMz2GDZQmCRN1wBcWA=="
  "resolved" "https://registry.npmjs.org/fflate/-/fflate-0.4.8.tgz"
  "version" "0.4.8"

"filereader@^0.10.3":
  "integrity" "sha512-7F8w6GSXuHLN80ukaVOcHgBaiTRHUZr8GeEhNdqfAECcnBoROg4i8hTl+KqtF4yUPffOJVHEFg4iDJb7xIYFng=="
  "resolved" "https://registry.npmjs.org/filereader/-/filereader-0.10.3.tgz"
  "version" "0.10.3"

"finalhandler@~1.1.2":
  "integrity" "sha512-aAWcW57uxVNrQZqFXjITpW3sIUQmHGG3qSb9mUah9MgMC4NeWhNOlNjXEYq3HjRAvL6arUviZGGJsBg6z0zsWA=="
  "resolved" "https://registry.npmjs.org/finalhandler/-/finalhandler-1.1.2.tgz"
  "version" "1.1.2"
  dependencies:
    "debug" "2.6.9"
    "encodeurl" "~1.0.2"
    "escape-html" "~1.0.3"
    "on-finished" "~2.3.0"
    "parseurl" "~1.3.3"
    "statuses" "~1.5.0"
    "unpipe" "~1.0.0"

"forwarded@0.2.0":
  "integrity" "sha512-buRG0fpBtRHSTCOASe6hD258tEubFoRLb4ZNA6NxMVHNw2gOcwHo9wyablzMzOA5z9xA9L1KNjk/Nt6MT9aYow=="
  "resolved" "https://registry.npmjs.org/forwarded/-/forwarded-0.2.0.tgz"
  "version" "0.2.0"

"fresh@0.5.2":
  "integrity" "sha1-PYyt2Q2XZWn6g1qx+OSyOhBWBac="
  "resolved" "https://registry.npmjs.org/fresh/-/fresh-0.5.2.tgz"
  "version" "0.5.2"

"get-ip-range@^2.1.0":
  "integrity" "sha512-n401kTpf57VhbW2UvInXxhw1DgTJSsZf24gpNhJrFU8Cv+Jk/sQ+qukP2x0EF4MUEjDWlDLeIhIY/f80IV0kqg=="
  "resolved" "https://registry.npmjs.org/get-ip-range/-/get-ip-range-2.1.1.tgz"
  "version" "2.1.1"
  dependencies:
    "cidr-regex" "^1.0.7"
    "ip" "^1.1.5"
    "ip-address" "^6.1.0"

"has-binary2@~1.0.2":
  "integrity" "sha512-G1LWKhDSvhGeAQ8mPVQlqNcOB2sJdwATtZKl2pDKKHfpf/rYj24lkinxf69blJbnsvtqqNU+L3SL50vzZhXOnw=="
  "resolved" "https://registry.npmjs.org/has-binary2/-/has-binary2-1.0.3.tgz"
  "version" "1.0.3"
  dependencies:
    "isarray" "2.0.1"

"has-cors@1.1.0":
  "integrity" "sha1-XkdHk/fqmEPRu5nCPu9J/xJv/zk="
  "resolved" "https://registry.npmjs.org/has-cors/-/has-cors-1.1.0.tgz"
  "version" "1.1.0"

"html2canvas@^1.0.0-rc.5":
  "integrity" "sha512-fPU6BHNpsyIhr8yyMpTLLxAbkaK8ArIBcmZIRiBLiDhjeqvXolaEmDGmELFuX9I4xDcaKKcJl+TKZLqruBbmWA=="
  "resolved" "https://registry.npmjs.org/html2canvas/-/html2canvas-1.4.1.tgz"
  "version" "1.4.1"
  dependencies:
    "css-line-break" "^2.1.0"
    "text-segmentation" "^1.0.3"

"http-errors@1.8.1":
  "integrity" "sha512-Kpk9Sm7NmI+RHhnj6OIWDI1d6fIoFAtFt9RLaTMRlg/8w49juAStsrBgp0Dp4OdxdVbRIeKhtCUvoi/RuAhO4g=="
  "resolved" "https://registry.npmjs.org/http-errors/-/http-errors-1.8.1.tgz"
  "version" "1.8.1"
  dependencies:
    "depd" "~1.1.2"
    "inherits" "2.0.4"
    "setprototypeof" "1.2.0"
    "statuses" ">= 1.5.0 < 2"
    "toidentifier" "1.0.1"

"iconv-lite@0.4.24":
  "integrity" "sha512-v3MXnZAcvnywkTUEZomIActle7RXXeedOR31wwl7VlyoXO4Qi9arvSenNQWne1TcRwhCL1HwLI21bEqdpj8/rA=="
  "resolved" "https://registry.npmjs.org/iconv-lite/-/iconv-lite-0.4.24.tgz"
  "version" "0.4.24"
  dependencies:
    "safer-buffer" ">= 2.1.2 < 3"

"iconv-lite@0.5.0":
  "integrity" "sha512-NnEhI9hIEKHOzJ4f697DMz9IQEXr/MMJ5w64vN2/4Ai+wRnvV7SBrL0KLoRlwaKVghOc7LQ5YkPLuX146b6Ydw=="
  "resolved" "https://registry.npmjs.org/iconv-lite/-/iconv-lite-0.5.0.tgz"
  "version" "0.5.0"
  dependencies:
    "safer-buffer" ">= 2.1.2 < 3"

"immediate@~3.0.5":
  "integrity" "sha1-nbHb0Pr43m++D13V5Wu2BigN5ps="
  "resolved" "https://registry.npmjs.org/immediate/-/immediate-3.0.6.tgz"
  "version" "3.0.6"

"indexof@0.0.1":
  "integrity" "sha1-gtwzbSMrkGIXnQWrMpOmYFn9Q10="
  "resolved" "https://registry.npmjs.org/indexof/-/indexof-0.0.1.tgz"
  "version" "0.0.1"

"inherits@2.0.3":
  "integrity" "sha1-Yzwsg+PaQqUC9SRmAiSA9CCCYd4="
  "resolved" "https://registry.npmjs.org/inherits/-/inherits-2.0.3.tgz"
  "version" "2.0.3"

"inherits@2.0.4":
  "integrity" "sha512-k/vGaX4/Yla3WzyMCvTQOXYeIHvqOKtnqBduzTHpzpQZzAskKMhZ2K+EnBiSM9zGSoIFeMpXKxa4dYeZIQqewQ=="
  "resolved" "https://registry.npmjs.org/inherits/-/inherits-2.0.4.tgz"
  "version" "2.0.4"

"ip-address@^6.1.0":
  "integrity" "sha512-c5uxc2WUTuRBVHT/6r4m7HIr/DfV0bF6DvLH3iZGSK8wp8iMwwZSgIq2do0asFf8q9ECug0SE+6+1ACMe4sorA=="
  "resolved" "https://registry.npmjs.org/ip-address/-/ip-address-6.4.0.tgz"
  "version" "6.4.0"
  dependencies:
    "jsbn" "1.1.0"
    "lodash.find" "4.6.0"
    "lodash.max" "4.0.1"
    "lodash.merge" "4.6.2"
    "lodash.padstart" "4.6.1"
    "lodash.repeat" "4.1.0"
    "sprintf-js" "1.1.2"

"ip@^1.1.5":
  "integrity" "sha1-vd7XARQpCCjAoDnnLvJfWq7ENUo="
  "resolved" "https://registry.npmjs.org/ip/-/ip-1.1.5.tgz"
  "version" "1.1.5"

"ipaddr.js@1.9.1":
  "integrity" "sha512-0KI/607xoxSToH7GjN1FfSbLoU0+btTicjsQSWQlh/hZykN8KpmMf7uYwPW3R+akZ6R/w18ZlXSHBYXiYUPO3g=="
  "resolved" "https://registry.npmjs.org/ipaddr.js/-/ipaddr.js-1.9.1.tgz"
  "version" "1.9.1"

"isarray@2.0.1":
  "integrity" "sha1-o32U7ZzaLVmGXJ92/llu4fM4dB4="
  "resolved" "https://registry.npmjs.org/isarray/-/isarray-2.0.1.tgz"
  "version" "2.0.1"

"jsbn@1.1.0":
  "integrity" "sha1-sBMHyym2GKHtJux56RH4A8TaAEA="
  "resolved" "https://registry.npmjs.org/jsbn/-/jsbn-1.1.0.tgz"
  "version" "1.1.0"

"jspdf-autotable@^3.5.25":
  "integrity" "sha512-eNYt5mUxCGa1Y0bmOhGXU+Va/P2jNkgOgUPGIpZp2rbZUauU34s0q3S59Jps5zi2u90nQy7DmD/D+sdesJLIEA=="
  "resolved" "https://registry.npmjs.org/jspdf-autotable/-/jspdf-autotable-3.5.28.tgz"
  "version" "3.5.28"

"jspdf@^2.5.1":
  "integrity" "sha512-hXObxz7ZqoyhxET78+XR34Xu2qFGrJJ2I2bE5w4SM8eFaFEkW2xcGRVUss360fYelwRSid/jT078kbNvmoW0QA=="
  "resolved" "https://registry.npmjs.org/jspdf/-/jspdf-2.5.1.tgz"
  "version" "2.5.1"
  dependencies:
    "@babel/runtime" "^7.14.0"
    "atob" "^2.1.2"
    "btoa" "^1.2.1"
    "fflate" "^0.4.8"
  optionalDependencies:
    "canvg" "^3.0.6"
    "core-js" "^3.6.0"
    "dompurify" "^2.2.0"
    "html2canvas" "^1.0.0-rc.5"

"lie@3.1.1":
  "integrity" "sha1-mkNrLMd0bKWd56QfpGmz77dr2H4="
  "resolved" "https://registry.npmjs.org/lie/-/lie-3.1.1.tgz"
  "version" "3.1.1"
  dependencies:
    "immediate" "~3.0.5"

"local-devices@^3.2.0":
  "integrity" "sha512-JkWPXdFbu0l4nPXtINrcz8fkLA0WLMopmsHLvYsOMLnFx1SUM5cTVlLz6ZXcYMZHzWXoy0pOreKKLzsWBq5muQ=="
  "resolved" "https://registry.npmjs.org/local-devices/-/local-devices-3.2.0.tgz"
  "version" "3.2.0"
  dependencies:
    "get-ip-range" "^2.1.0"
    "ip" "^1.1.5"
    "mz" "^2.7.0"

"local-ipv4-address@^0.0.2":
  "integrity" "sha512-VFou515DGuI0ZpQZtnFS2xaJQrhIylkWkD85VAvW6PM1asiCRfJHMJqWTLYO7idFGe2g0ikHvYQdd9N0C36hoA=="
  "resolved" "https://registry.npmjs.org/local-ipv4-address/-/local-ipv4-address-0.0.2.tgz"
  "version" "0.0.2"
  dependencies:
    "q" "1.5.0"

"localforage@^1.3.0":
  "integrity" "sha512-14/H1aX7hzBBmmh7sGPd+AOMkkIrHM3Z1PAyGgZigA1H1p5O5ANnMyWzvpAETtG68/dC4pC0ncy3+PPGzXZHPg=="
  "resolved" "https://registry.npmjs.org/localforage/-/localforage-1.10.0.tgz"
  "version" "1.10.0"
  dependencies:
    "lie" "3.1.1"

"lodash.find@4.6.0":
  "integrity" "sha1-ywcE1Hq3F4n/oN6Ll92Sb7iLE7E="
  "resolved" "https://registry.npmjs.org/lodash.find/-/lodash.find-4.6.0.tgz"
  "version" "4.6.0"

"lodash.max@4.0.1":
  "integrity" "sha1-hzVWbGGLNan3YFILSHrnllivE2o="
  "resolved" "https://registry.npmjs.org/lodash.max/-/lodash.max-4.0.1.tgz"
  "version" "4.0.1"

"lodash.merge@4.6.2":
  "integrity" "sha512-0KpjqXRVvrYyCsX1swR/XTK0va6VQkQM6MNo7PqW77ByjAhoARA8EfrP1N4+KlKj8YS0ZUCtRT/YUuhyYDujIQ=="
  "resolved" "https://registry.npmjs.org/lodash.merge/-/lodash.merge-4.6.2.tgz"
  "version" "4.6.2"

"lodash.padstart@4.6.1":
  "integrity" "sha1-0uPuv/DZ05rVD1y9G1KnvOa7YRs="
  "resolved" "https://registry.npmjs.org/lodash.padstart/-/lodash.padstart-4.6.1.tgz"
  "version" "4.6.1"

"lodash.repeat@4.1.0":
  "integrity" "sha1-/H3oEx2MisB+S0n3T/6CnR8r7EQ="
  "resolved" "https://registry.npmjs.org/lodash.repeat/-/lodash.repeat-4.1.0.tgz"
  "version" "4.1.0"

"media-typer@0.3.0":
  "integrity" "sha1-hxDXrwqmJvj/+hzgAWhUUmMlV0g="
  "resolved" "https://registry.npmjs.org/media-typer/-/media-typer-0.3.0.tgz"
  "version" "0.3.0"

"merge-descriptors@1.0.1":
  "integrity" "sha1-sAqqVW3YtEVoFQ7J0blT8/kMu2E="
  "resolved" "https://registry.npmjs.org/merge-descriptors/-/merge-descriptors-1.0.1.tgz"
  "version" "1.0.1"

"methods@~1.1.2":
  "integrity" "sha1-VSmk1nZUE07cxSZmVoNbD4Ua/O4="
  "resolved" "https://registry.npmjs.org/methods/-/methods-1.1.2.tgz"
  "version" "1.1.2"

"mime-db@1.51.0":
  "integrity" "sha512-5y8A56jg7XVQx2mbv1lu49NR4dokRnhZYTtL+KGfaa27uq4pSTXkwQkFJl4pkRMyNFz/EtYDSkiiEHx3F7UN6g=="
  "resolved" "https://registry.npmjs.org/mime-db/-/mime-db-1.51.0.tgz"
  "version" "1.51.0"

"mime-types@~2.1.24", "mime-types@~2.1.34":
  "integrity" "sha512-6cP692WwGIs9XXdOO4++N+7qjqv0rqxxVvJ3VHPh/Sc9mVZcQP+ZGhkKiTvWMQRr2tbHkJP/Yn7Y0npb3ZBs4A=="
  "resolved" "https://registry.npmjs.org/mime-types/-/mime-types-2.1.34.tgz"
  "version" "2.1.34"
  dependencies:
    "mime-db" "1.51.0"

"mime@1.6.0":
  "integrity" "sha512-x0Vn8spI+wuJ1O6S7gnbaQg8Pxh4NNHb7KSINmEWKiPE4RKOplvijn+NkmYmmRgP68mc70j2EbeTFRsrswaQeg=="
  "resolved" "https://registry.npmjs.org/mime/-/mime-1.6.0.tgz"
  "version" "1.6.0"

"minimist@^1.2.5":
  "integrity" "sha512-FM9nNUYrRBAELZQT3xeZQ7fmMOBg6nWNmJKTcgsJeaLstP/UODVpGsr5OhXhhXg6f+qtJ8uiZ+PUxkDWcgIXLw=="
  "resolved" "https://registry.npmjs.org/minimist/-/minimist-1.2.5.tgz"
  "version" "1.2.5"

"mkdirp@~0.5.1":
  "integrity" "sha512-NKmAlESf6jMGym1++R0Ra7wvhV+wFW63FaSOFPwRahvea0gMUcGUhVeAg/0BC0wiv9ih5NYPB1Wn1UEI1/L+xQ=="
  "resolved" "https://registry.npmjs.org/mkdirp/-/mkdirp-0.5.5.tgz"
  "version" "0.5.5"
  dependencies:
    "minimist" "^1.2.5"

"moment@^2.29.1":
  "integrity" "sha512-kHmoybcPV8Sqy59DwNDY3Jefr64lK/by/da0ViFcuA4DH0vQg5Q6Ze5VimxkfQNSC+Mls/Kx53s7TjP1RhFEDQ=="
  "resolved" "https://registry.npmjs.org/moment/-/moment-2.29.1.tgz"
  "version" "2.29.1"

"ms@^2.1.1":
  "integrity" "sha512-sGkPx+VjMtmA6MX27oA4FBFELFCZZ4S4XqeGOXCv68tT+jb3vk/RyaKWP0PTKyWtmLSM0b+adUTEvbs1PEaH2w=="
  "resolved" "https://registry.npmjs.org/ms/-/ms-2.1.2.tgz"
  "version" "2.1.2"

"ms@2.0.0":
  "integrity" "sha1-VgiurfwAvmwpAd9fmGF4jeDVl8g="
  "resolved" "https://registry.npmjs.org/ms/-/ms-2.0.0.tgz"
  "version" "2.0.0"

"ms@2.1.3":
  "integrity" "sha512-6FlzubTLZG3J2a/NVCAleEhjzq5oxgHyaCU9yYXvcLsvoVaHJq/s5xXI6/XXP6tz7R9xAOtHnSO/tXtF3WRTlA=="
  "resolved" "https://registry.npmjs.org/ms/-/ms-2.1.3.tgz"
  "version" "2.1.3"

"mz@^2.7.0":
  "integrity" "sha512-z81GNO7nnYMEhrGh9LeymoE4+Yr0Wn5McHIZMK5cfQCl+NDX08sCZgUc9/6MHni9IWuFLm1Z3HTCXu2z9fN62Q=="
  "resolved" "https://registry.npmjs.org/mz/-/mz-2.7.0.tgz"
  "version" "2.7.0"
  dependencies:
    "any-promise" "^1.0.0"
    "object-assign" "^4.0.1"
    "thenify-all" "^1.0.0"

"nedb@^1.8.0":
  "integrity" "sha1-DjUCzYLABNU1WkPJ5VV3vXvZHYg="
  "resolved" "https://registry.npmjs.org/nedb/-/nedb-1.8.0.tgz"
  "version" "1.8.0"
  dependencies:
    "async" "0.2.10"
    "binary-search-tree" "0.2.5"
    "localforage" "^1.3.0"
    "mkdirp" "~0.5.1"
    "underscore" "~1.4.4"

"negotiator@0.6.3":
  "integrity" "sha512-+EUsqGPLsM+j/zdChZjsnX51g4XrHFOIXwfnCVPGlQk/k5giakcKsuxCObBRu6DSm9opw/O6slWbJdghQM4bBg=="
  "resolved" "https://registry.npmjs.org/negotiator/-/negotiator-0.6.3.tgz"
  "version" "0.6.3"

"node-fetch@^2.6.7":
  "integrity" "sha512-ZjMPFEfVx5j+y2yF35Kzx5sF7kDzxuDj6ziH4FFbOp87zKDZNx8yExJIb05OGF4Nlt9IHFIMBkRl41VdvcNdbQ=="
  "resolved" "https://registry.npmjs.org/node-fetch/-/node-fetch-2.6.7.tgz"
  "version" "2.6.7"
  dependencies:
    "whatwg-url" "^5.0.0"

"node-thermal-printer@^4.1.2":
  "integrity" "sha512-/waldDLTiqSG5i+c8+DNHocnMc/VfwdqPDW77mUnhBTHksOxkK/eK3iL1UcMGx3xHCSwHzyB2hIBiuGQDw2k1g=="
  "resolved" "https://registry.npmjs.org/node-thermal-printer/-/node-thermal-printer-4.1.2.tgz"
  "version" "4.1.2"
  dependencies:
    "iconv-lite" "0.5.0"
    "pngjs" "3.3.3"
    "unorm" "1.4.1"
    "write-file-queue" "0.0.1"

"object-assign@^4", "object-assign@^4.0.1":
  "integrity" "sha1-IQmtx5ZYh8/AXLvUQsrIv7s2CGM="
  "resolved" "https://registry.npmjs.org/object-assign/-/object-assign-4.1.1.tgz"
  "version" "4.1.1"

"object-component@0.0.3":
  "integrity" "sha1-8MaapQ78lbhmwYb0AKM3acsvEpE="
  "resolved" "https://registry.npmjs.org/object-component/-/object-component-0.0.3.tgz"
  "version" "0.0.3"

"on-finished@~2.3.0":
  "integrity" "sha1-IPEzZIGwg811M3mSoWlxqi2QaUc="
  "resolved" "https://registry.npmjs.org/on-finished/-/on-finished-2.3.0.tgz"
  "version" "2.3.0"
  dependencies:
    "ee-first" "1.1.1"

"parseqs@0.0.5":
  "integrity" "sha1-1SCKNzjkZ2bikbouoXNoSSGouJ0="
  "resolved" "https://registry.npmjs.org/parseqs/-/parseqs-0.0.5.tgz"
  "version" "0.0.5"
  dependencies:
    "better-assert" "~1.0.0"

"parseuri@0.0.5":
  "integrity" "sha1-gCBKUNTbt3m/3G6+J3jZDkvOMgo="
  "resolved" "https://registry.npmjs.org/parseuri/-/parseuri-0.0.5.tgz"
  "version" "0.0.5"
  dependencies:
    "better-assert" "~1.0.0"

"parseurl@~1.3.3":
  "integrity" "sha512-CiyeOxFT/JZyN5m0z9PfXw4SCBJ6Sygz1Dpl0wqjlhDEGGBP1GnsUVEL0p63hoG1fcj3fHynXi9NYO4nWOL+qQ=="
  "resolved" "https://registry.npmjs.org/parseurl/-/parseurl-1.3.3.tgz"
  "version" "1.3.3"

"path-to-regexp@0.1.7":
  "integrity" "sha1-32BBeABfUi8V60SQ5yR6G/qmf4w="
  "resolved" "https://registry.npmjs.org/path-to-regexp/-/path-to-regexp-0.1.7.tgz"
  "version" "0.1.7"

"path@^0.12.7":
  "integrity" "sha1-1NwqUGxM4hl+tIHr/NWzbAFAsQ8="
  "resolved" "https://registry.npmjs.org/path/-/path-0.12.7.tgz"
  "version" "0.12.7"
  dependencies:
    "process" "^0.11.1"
    "util" "^0.10.3"

"performance-now@^2.1.0":
  "integrity" "sha512-7EAHlyLHI56VEIdK57uwHdHKIaAGbnXPiw0yWbarQZOKaKpvUIgW0jWRVLiatnM+XXlSwsanIBH/hzGMJulMow=="
  "resolved" "https://registry.npmjs.org/performance-now/-/performance-now-2.1.0.tgz"
  "version" "2.1.0"

"pngjs@3.3.3":
  "integrity" "sha512-1n3Z4p3IOxArEs1VRXnZ/RXdfEniAUS9jb68g58FIXMNkPJeZd+Qh4Uq7/e0LVxAQGos1eIUrqrt4FpjdnEd+Q=="
  "resolved" "https://registry.npmjs.org/pngjs/-/pngjs-3.3.3.tgz"
  "version" "3.3.3"

"process@^0.11.1":
  "integrity" "sha1-czIwDoQBYb2j5podHZGn1LwW8YI="
  "resolved" "https://registry.npmjs.org/process/-/process-0.11.10.tgz"
  "version" "0.11.10"

"proxy-addr@~2.0.7":
  "integrity" "sha512-llQsMLSUDUPT44jdrU/O37qlnifitDP+ZwrmmZcoSKyLKvtZxpyV0n2/bD/N4tBAAZ/gJEdZU7KMraoK1+XYAg=="
  "resolved" "https://registry.npmjs.org/proxy-addr/-/proxy-addr-2.0.7.tgz"
  "version" "2.0.7"
  dependencies:
    "forwarded" "0.2.0"
    "ipaddr.js" "1.9.1"

"q@1.5.0":
  "integrity" "sha512-VVMcd+HnuWZalHPycK7CsbVJ+sSrrrnCvHcW38YJVK9Tywnb5DUWJjONi81bLUj7aqDjIXnePxBl5t1r/F/ncg=="
  "resolved" "https://registry.npmjs.org/q/-/q-1.5.0.tgz"
  "version" "1.5.0"

"qs@6.9.7":
  "integrity" "sha512-IhMFgUmuNpyRfxA90umL7ByLlgRXu6tIfKPpF5TmcfRLlLCckfP/g3IQmju6jjpu+Hh8rA+2p6A27ZSPOOHdKw=="
  "resolved" "https://registry.npmjs.org/qs/-/qs-6.9.7.tgz"
  "version" "6.9.7"

"raf@^3.4.1":
  "integrity" "sha512-Sq4CW4QhwOHE8ucn6J34MqtZCeWFP2aQSmrlroYgqAV1PjStIhJXxYuTgUIfkEk7zTLjmIjLmU5q+fbD1NnOJA=="
  "resolved" "https://registry.npmjs.org/raf/-/raf-3.4.1.tgz"
  "version" "3.4.1"
  dependencies:
    "performance-now" "^2.1.0"

"range-parser@~1.2.1":
  "integrity" "sha512-Hrgsx+orqoygnmhFbKaHE6c296J+HTAQXoxEF6gNupROmmGJRoyzfG3ccAveqCBrwr/2yxQ5BVd/GTl5agOwSg=="
  "resolved" "https://registry.npmjs.org/range-parser/-/range-parser-1.2.1.tgz"
  "version" "1.2.1"

"raw-body@2.4.3":
  "integrity" "sha512-UlTNLIcu0uzb4D2f4WltY6cVjLi+/jEN4lgEUj3E04tpMDpUlkBo/eSn6zou9hum2VMNpCCUone0O0WeJim07g=="
  "resolved" "https://registry.npmjs.org/raw-body/-/raw-body-2.4.3.tgz"
  "version" "2.4.3"
  dependencies:
    "bytes" "3.1.2"
    "http-errors" "1.8.1"
    "iconv-lite" "0.4.24"
    "unpipe" "1.0.0"

"regenerator-runtime@^0.13.11", "regenerator-runtime@^0.13.7":
  "integrity" "sha512-kY1AZVr2Ra+t+piVaJ4gxaFaReZVH40AKNo7UCX6W+dEwBo/2oZJzqfuN1qLq1oL45o56cPaTXELwrTh8Fpggg=="
  "resolved" "https://registry.npmjs.org/regenerator-runtime/-/regenerator-runtime-0.13.11.tgz"
  "version" "0.13.11"

"rgbcolor@^1.0.1":
  "integrity" "sha512-9aZLIrhRaD97sgVhtJOW6ckOEh6/GnvQtdVNfdZ6s67+3/XwLS9lBcQYzEEhYVeUowN7pRzMLsyGhK2i/xvWbw=="
  "resolved" "https://registry.npmjs.org/rgbcolor/-/rgbcolor-1.0.1.tgz"
  "version" "1.0.1"

"safe-buffer@5.2.1":
  "integrity" "sha512-rp3So07KcdmmKbGvgaNxQSJr7bGVSVk5S9Eq1F+ppbRo70+YeaDxkw5Dd8NPN+GD6bjnYm2VuPuCXmpuYvmCXQ=="
  "resolved" "https://registry.npmjs.org/safe-buffer/-/safe-buffer-5.2.1.tgz"
  "version" "5.2.1"

"safer-buffer@>= 2.1.2 < 3":
  "integrity" "sha512-YZo3K82SD7Riyi0E1EQPojLz7kpepnSQI9IyPbHHg1XXXevb5dJI7tpyN2ADxGcQbHG7vcyRHk0cbwqcQriUtg=="
  "resolved" "https://registry.npmjs.org/safer-buffer/-/safer-buffer-2.1.2.tgz"
  "version" "2.1.2"

"send@0.17.2":
  "integrity" "sha512-UJYB6wFSJE3G00nEivR5rgWp8c2xXvJ3OPWPhmuteU0IKj8nKbG3DrjiOmLwpnHGYWAVwA69zmTm++YG0Hmwww=="
  "resolved" "https://registry.npmjs.org/send/-/send-0.17.2.tgz"
  "version" "0.17.2"
  dependencies:
    "debug" "2.6.9"
    "depd" "~1.1.2"
    "destroy" "~1.0.4"
    "encodeurl" "~1.0.2"
    "escape-html" "~1.0.3"
    "etag" "~1.8.1"
    "fresh" "0.5.2"
    "http-errors" "1.8.1"
    "mime" "1.6.0"
    "ms" "2.1.3"
    "on-finished" "~2.3.0"
    "range-parser" "~1.2.1"
    "statuses" "~1.5.0"

"serve-static@1.14.2":
  "integrity" "sha512-+TMNA9AFxUEGuC0z2mevogSnn9MXKb4fa7ngeRMJaaGv8vTwnIEkKi+QGvPt33HSnf8pRS+WGM0EbMtCJLKMBQ=="
  "resolved" "https://registry.npmjs.org/serve-static/-/serve-static-1.14.2.tgz"
  "version" "1.14.2"
  dependencies:
    "encodeurl" "~1.0.2"
    "escape-html" "~1.0.3"
    "parseurl" "~1.3.3"
    "send" "0.17.2"

"setprototypeof@1.2.0":
  "integrity" "sha512-E5LDX7Wrp85Kil5bhZv46j8jOeboKq5JMmYM3gVGdGH8xFpPWXUMsNrlODCrkoxMEeNi/XZIwuRvY4XNwYMJpw=="
  "resolved" "https://registry.npmjs.org/setprototypeof/-/setprototypeof-1.2.0.tgz"
  "version" "1.2.0"

"socket.io-adapter@~1.1.0":
  "integrity" "sha512-WzZRUj1kUjrTIrUKpZLEzFZ1OLj5FwLlAFQs9kuZJzJi5DKdU7FsWc36SNmA8iDOtwBQyT8FkrriRM8vXLYz8g=="
  "resolved" "https://registry.npmjs.org/socket.io-adapter/-/socket.io-adapter-1.1.2.tgz"
  "version" "1.1.2"

"socket.io-client@^2.2.0", "socket.io-client@2.3.0":
  "integrity" "sha512-cEQQf24gET3rfhxZ2jJ5xzAOo/xhZwK+mOqtGRg5IowZsMgwvHwnf/mCRapAAkadhM26y+iydgwsXGObBB5ZdA=="
  "resolved" "https://registry.npmjs.org/socket.io-client/-/socket.io-client-2.3.0.tgz"
  "version" "2.3.0"
  dependencies:
    "backo2" "1.0.2"
    "base64-arraybuffer" "0.1.5"
    "component-bind" "1.0.0"
    "component-emitter" "1.2.1"
    "debug" "~4.1.0"
    "engine.io-client" "~3.4.0"
    "has-binary2" "~1.0.2"
    "has-cors" "1.1.0"
    "indexof" "0.0.1"
    "object-component" "0.0.3"
    "parseqs" "0.0.5"
    "parseuri" "0.0.5"
    "socket.io-parser" "~3.3.0"
    "to-array" "0.1.4"

"socket.io-parser@~3.3.0":
  "integrity" "sha512-hczmV6bDgdaEbVqhAeVMM/jfUfzuEZHsQg6eOmLgJht6G3mPKMxYm75w2+qhAQZ+4X+1+ATZ+QFKeOZD5riHng=="
  "resolved" "https://registry.npmjs.org/socket.io-parser/-/socket.io-parser-3.3.0.tgz"
  "version" "3.3.0"
  dependencies:
    "component-emitter" "1.2.1"
    "debug" "~3.1.0"
    "isarray" "2.0.1"

"socket.io-parser@~3.4.0":
  "integrity" "sha512-/G/VOI+3DBp0+DJKW4KesGnQkQPFmUCbA/oO2QGT6CWxU7hLGWqU3tyuzeSK/dqcyeHsQg1vTe9jiZI8GU9SCQ=="
  "resolved" "https://registry.npmjs.org/socket.io-parser/-/socket.io-parser-3.4.0.tgz"
  "version" "3.4.0"
  dependencies:
    "component-emitter" "1.2.1"
    "debug" "~4.1.0"
    "isarray" "2.0.1"

"socket.io@^2.2.0":
  "integrity" "sha512-2A892lrj0GcgR/9Qk81EaY2gYhCBxurV0PfmmESO6p27QPrUK1J3zdns+5QPqvUYK2q657nSj0guoIil9+7eFg=="
  "resolved" "https://registry.npmjs.org/socket.io/-/socket.io-2.3.0.tgz"
  "version" "2.3.0"
  dependencies:
    "debug" "~4.1.0"
    "engine.io" "~3.4.0"
    "has-binary2" "~1.0.2"
    "socket.io-adapter" "~1.1.0"
    "socket.io-client" "2.3.0"
    "socket.io-parser" "~3.4.0"

"sprintf-js@1.1.2":
  "integrity" "sha512-VE0SOVEHCk7Qc8ulkWw3ntAzXuqf7S2lvwQaDLRnUeIEaKNQJzV6BwmLKhOqT61aGhfUMrXeaBk+oDGCzvhcug=="
  "resolved" "https://registry.npmjs.org/sprintf-js/-/sprintf-js-1.1.2.tgz"
  "version" "1.1.2"

"stackblur-canvas@^2.0.0":
  "integrity" "sha512-EeNzTVfj+1In7aSLPKDD03F/ly4RxEuF/EX0YcOG0cKoPXs+SLZxDawQbexQDBzwROs4VKLWTOaZQlZkGBFEIQ=="
  "resolved" "https://registry.npmjs.org/stackblur-canvas/-/stackblur-canvas-2.5.0.tgz"
  "version" "2.5.0"

"statuses@>= 1.5.0 < 2", "statuses@~1.5.0":
  "integrity" "sha1-Fhx9rBd2Wf2YEfQ3cfqZOBR4Yow="
  "resolved" "https://registry.npmjs.org/statuses/-/statuses-1.5.0.tgz"
  "version" "1.5.0"

"svg-pathdata@^6.0.3":
  "integrity" "sha512-qsjeeq5YjBZ5eMdFuUa4ZosMLxgr5RZ+F+Y1OrDhuOCEInRMA3x74XdBtggJcj9kOeInz0WE+LgCPDkZFlBYJw=="
  "resolved" "https://registry.npmjs.org/svg-pathdata/-/svg-pathdata-6.0.3.tgz"
  "version" "6.0.3"

"text-segmentation@^1.0.3":
  "integrity" "sha512-iOiPUo/BGnZ6+54OsWxZidGCsdU8YbE4PSpdPinp7DeMtUJNJBoJ/ouUSTJjHkh1KntHaltHl/gDs2FC4i5+Nw=="
  "resolved" "https://registry.npmjs.org/text-segmentation/-/text-segmentation-1.0.3.tgz"
  "version" "1.0.3"
  dependencies:
    "utrie" "^1.0.2"

"thenify-all@^1.0.0":
  "integrity" "sha1-GhkY1ALY/D+Y+/I02wvMjMEOlyY="
  "resolved" "https://registry.npmjs.org/thenify-all/-/thenify-all-1.6.0.tgz"
  "version" "1.6.0"
  dependencies:
    "thenify" ">= 3.1.0 < 4"

"thenify@>= 3.1.0 < 4":
  "integrity" "sha512-RVZSIV5IG10Hk3enotrhvz0T9em6cyHBLkH/YAZuKqd8hRkKhSfCGIcP2KUY0EPxndzANBmNllzWPwak+bheSw=="
  "resolved" "https://registry.npmjs.org/thenify/-/thenify-3.3.1.tgz"
  "version" "3.3.1"
  dependencies:
    "any-promise" "^1.0.0"

"to-array@0.1.4":
  "integrity" "sha1-F+bBH3PdTz10zaek/zI46a2b+JA="
  "resolved" "https://registry.npmjs.org/to-array/-/to-array-0.1.4.tgz"
  "version" "0.1.4"

"toidentifier@1.0.1":
  "integrity" "sha512-o5sSPKEkg/DIQNmH43V0/uerLrpzVedkUh8tGNvaeXpfpuwjKenlSox/2O/BTlZUtEe+JG7s5YhEz608PlAHRA=="
  "resolved" "https://registry.npmjs.org/toidentifier/-/toidentifier-1.0.1.tgz"
  "version" "1.0.1"

"tr46@~0.0.3":
  "integrity" "sha1-gYT9NH2snNwYWZLzpmIuFLnZq2o="
  "resolved" "https://registry.npmjs.org/tr46/-/tr46-0.0.3.tgz"
  "version" "0.0.3"

"type-is@~1.6.18":
  "integrity" "sha512-TkRKr9sUTxEH8MdfuCSP7VizJyzRNMjj2J2do2Jr3Kym598JVdEksuzPQCnlFPW4ky9Q+iA+ma9BGm06XQBy8g=="
  "resolved" "https://registry.npmjs.org/type-is/-/type-is-1.6.18.tgz"
  "version" "1.6.18"
  dependencies:
    "media-typer" "0.3.0"
    "mime-types" "~2.1.24"

"underscore@~1.4.4":
  "integrity" "sha1-YaajIBBiKvoHljvzJSA88SI51gQ="
  "resolved" "https://registry.npmjs.org/underscore/-/underscore-1.4.4.tgz"
  "version" "1.4.4"

"unorm@1.4.1":
  "integrity" "sha1-NkIA1fE2RsqLzURJAnEzVhR5IwA="
  "resolved" "https://registry.npmjs.org/unorm/-/unorm-1.4.1.tgz"
  "version" "1.4.1"

"unpipe@~1.0.0", "unpipe@1.0.0":
  "integrity" "sha1-sr9O6FFKrmFltIF4KdIbLvSZBOw="
  "resolved" "https://registry.npmjs.org/unpipe/-/unpipe-1.0.0.tgz"
  "version" "1.0.0"

"util@^0.10.3":
  "integrity" "sha512-0Pm9hTQ3se5ll1XihRic3FDIku70C+iHUdT/W926rSgHV5QgXsYbKZN8MSC3tJtSkhuROzvsQjAaFENRXr+19A=="
  "resolved" "https://registry.npmjs.org/util/-/util-0.10.4.tgz"
  "version" "0.10.4"
  dependencies:
    "inherits" "2.0.3"

"utils-merge@1.0.1":
  "integrity" "sha1-n5VxD1CiZ5R7LMwSR0HBAoQn5xM="
  "resolved" "https://registry.npmjs.org/utils-merge/-/utils-merge-1.0.1.tgz"
  "version" "1.0.1"

"utrie@^1.0.2":
  "integrity" "sha512-1MLa5ouZiOmQzUbjbu9VmjLzn1QLXBhwpUa7kdLUQK+KQ5KA9I1vk5U4YHe/X2Ch7PYnJfWuWT+VbuxbGwljhw=="
  "resolved" "https://registry.npmjs.org/utrie/-/utrie-1.0.2.tgz"
  "version" "1.0.2"
  dependencies:
    "base64-arraybuffer" "^1.0.2"

"uuid@^8.3.2":
  "integrity" "sha512-+NYs2QeMWy+GWFOEm9xnn6HCDp0l7QBD7ml8zLUmJ+93Q5NF0NocErnwkTkXVFNiX3/fpC6afS8Dhb/gz7R7eg=="
  "resolved" "https://registry.npmjs.org/uuid/-/uuid-8.3.2.tgz"
  "version" "8.3.2"

"uuid4@^2.0.2":
  "integrity" "sha512-TzsQS8sN1B2m9WojyNp0X/3JL8J2RScnrAJnooNPL6lq3lA02/XdoWysyUgI6rAif0DzkkWk51N6OggujPy2RA=="
  "resolved" "https://registry.npmjs.org/uuid4/-/uuid4-2.0.2.tgz"
  "version" "2.0.2"

"vary@^1", "vary@~1.1.2":
  "integrity" "sha1-IpnwLG3tMNSllhsLn3RSShj2NPw="
  "resolved" "https://registry.npmjs.org/vary/-/vary-1.1.2.tgz"
  "version" "1.1.2"

"webidl-conversions@^3.0.0":
  "integrity" "sha1-JFNCdeKnvGvnvIZhHMFq4KVlSHE="
  "resolved" "https://registry.npmjs.org/webidl-conversions/-/webidl-conversions-3.0.1.tgz"
  "version" "3.0.1"

"whatwg-url@^5.0.0":
  "integrity" "sha1-lmRU6HZUYuN2RNNib2dCzotwll0="
  "resolved" "https://registry.npmjs.org/whatwg-url/-/whatwg-url-5.0.0.tgz"
  "version" "5.0.0"
  dependencies:
    "tr46" "~0.0.3"
    "webidl-conversions" "^3.0.0"

"write-file-queue@0.0.1":
  "integrity" "sha1-N2T2FEUYBulhLJabdw2DCmqBFek="
  "resolved" "https://registry.npmjs.org/write-file-queue/-/write-file-queue-0.0.1.tgz"
  "version" "0.0.1"
  dependencies:
    "dank-do-while" "^0.1.2"

"ws@^7.1.2":
  "integrity" "sha512-KMvVuFzpKBuiIXW3E4u3mySRO2/mCHSyZDJQM5NQ9Q9KHWHWh0NHgfbRMLLrceUK5qAL4ytALJbpRMjixFZh8A=="
  "resolved" "https://registry.npmjs.org/ws/-/ws-7.5.7.tgz"
  "version" "7.5.7"

"ws@^8.2.3":
  "integrity" "sha512-BWX0SWVgLPzYwF8lTzEy1egjhS4S4OEAHfsO8o65WOVsrnSRGaSiUaa9e0ggGlkMTtBlmOpEXiie9RUcBO86qg=="
  "resolved" "https://registry.npmjs.org/ws/-/ws-8.5.0.tgz"
  "version" "8.5.0"

"ws@~6.1.0":
  "integrity" "sha512-eqZfL+NE/YQc1/ZynhojeV8q+H050oR8AZ2uIev7RU10svA9ZnJUddHcOUZTJLinZ9yEfdA2kSATS2qZK5fhJA=="
  "resolved" "https://registry.npmjs.org/ws/-/ws-6.1.4.tgz"
  "version" "6.1.4"
  dependencies:
    "async-limiter" "~1.0.0"

"xmlhttprequest-ssl@~1.5.4":
  "integrity" "sha1-wodrBhaKrcQOV9l+gRkayPQ5iz4="
  "resolved" "https://registry.npmjs.org/xmlhttprequest-ssl/-/xmlhttprequest-ssl-1.5.5.tgz"
  "version" "1.5.5"

"yeast@0.1.2":
  "integrity" "sha1-AI4G2AlDIMNy28L47XagymyKxBk="
  "resolved" "https://registry.npmjs.org/yeast/-/yeast-0.1.2.tgz"
  "version" "0.1.2"
